
Microsoft Visual Studio Solution File, Format Version 12.00
# Visual Studio Version 17
VisualStudioVersion = 17.10.35122.118
MinimumVisualStudioVersion = 10.0.40219.1
Project("{FAE04EC0-301F-11D3-BF4B-00C04F79EFBC}") = "ToolSubittleTextSrt", "ToolSubittleTextSrt\ToolSubittleTextSrt.csproj", "{037428BB-46E1-4BEA-8F2E-E795536D4EE6}"
EndProject
Global
	GlobalSection(SolutionConfigurationPlatforms) = preSolution
		Debug|Any CPU = Debug|Any CPU
		Release|Any CPU = Release|Any CPU
	EndGlobalSection
	GlobalSection(ProjectConfigurationPlatforms) = postSolution
		{037428BB-46E1-4BEA-8F2E-E795536D4EE6}.Debug|Any CPU.ActiveCfg = Debug|Any CPU
		{037428BB-46E1-4BEA-8F2E-E795536D4EE6}.Debug|Any CPU.Build.0 = Debug|Any CPU
		{037428BB-46E1-4BEA-8F2E-E795536D4EE6}.Release|Any CPU.ActiveCfg = Release|Any CPU
		{037428BB-46E1-4BEA-8F2E-E795536D4EE6}.Release|Any CPU.Build.0 = Release|Any CPU
	EndGlobalSection
	GlobalSection(SolutionProperties) = preSolution
		HideSolutionNode = FALSE
	EndGlobalSection
	GlobalSection(ExtensibilityGlobals) = postSolution
		SolutionGuid = {E3D2A2A2-7702-430A-BD5E-8254D2BD3A0A}
	EndGlobalSection
EndGlobal
